
Microsoft Visual Studio Solution File, Format Version 12.00
# Visual Studio Version 16
VisualStudioVersion = 16.0.31129.286
MinimumVisualStudioVersion = 10.0.40219.1
Project("{FAE04EC0-301F-11D3-BF4B-00C04F79EFBC}") = "ADO.net_Vegetables", "ADO.net_Vegetables\ADO.net_Vegetables.csproj", "{9B4BB3D7-686D-4CE4-819D-30A4419B7C6F}"
EndProject
Project("{FAE04EC0-301F-11D3-BF4B-00C04F79EFBC}") = "Lib", "Lib\Lib.csproj", "{B3FD1766-FC93-402F-9690-F6356237FF64}"
EndProject
Global
	GlobalSection(SolutionConfigurationPlatforms) = preSolution
		Debug|Any CPU = Debug|Any CPU
		Release|Any CPU = Release|Any CPU
	EndGlobalSection
	GlobalSection(ProjectConfigurationPlatforms) = postSolution
		{9B4BB3D7-686D-4CE4-819D-30A4419B7C6F}.Debug|Any CPU.ActiveCfg = Debug|Any CPU
		{9B4BB3D7-686D-4CE4-819D-30A4419B7C6F}.Debug|Any CPU.Build.0 = Debug|Any CPU
		{9B4BB3D7-686D-4CE4-819D-30A4419B7C6F}.Release|Any CPU.ActiveCfg = Release|Any CPU
		{9B4BB3D7-686D-4CE4-819D-30A4419B7C6F}.Release|Any CPU.Build.0 = Release|Any CPU
		{B3FD1766-FC93-402F-9690-F6356237FF64}.Debug|Any CPU.ActiveCfg = Debug|Any CPU
		{B3FD1766-FC93-402F-9690-F6356237FF64}.Debug|Any CPU.Build.0 = Debug|Any CPU
		{B3FD1766-FC93-402F-9690-F6356237FF64}.Release|Any CPU.ActiveCfg = Release|Any CPU
		{B3FD1766-FC93-402F-9690-F6356237FF64}.Release|Any CPU.Build.0 = Release|Any CPU
	EndGlobalSection
	GlobalSection(SolutionProperties) = preSolution
		HideSolutionNode = FALSE
	EndGlobalSection
	GlobalSection(ExtensibilityGlobals) = postSolution
		SolutionGuid = {5A578DBA-5BAF-42E5-8A31-4C5642C21E94}
	EndGlobalSection
EndGlobal
